
Microsoft Visual Studio Solution File, Format Version 12.00
# Visual Studio Version 16
VisualStudioVersion = 16.0.31613.86
MinimumVisualStudioVersion = 10.0.40219.1
Project("{FAE04EC0-301F-11D3-BF4B-00C04F79EFBC}") = "AuthenticatorApp", "AuthenticatorApp.csproj", "{C697F84D-535A-4189-AD25-C8B0E582D75C}"
EndProject
Global
	GlobalSection(SolutionConfigurationPlatforms) = preSolution
		Debug|Any CPU = Debug|Any CPU
		Release|Any CPU = Release|Any CPU
	EndGlobalSection
	GlobalSection(ProjectConfigurationPlatforms) = postSolution
		{C697F84D-535A-4189-AD25-C8B0E582D75C}.Debug|Any CPU.ActiveCfg = Debug|Any CPU
		{C697F84D-535A-4189-AD25-C8B0E582D75C}.Debug|Any CPU.Build.0 = Debug|Any CPU
		{C697F84D-535A-4189-AD25-C8B0E582D75C}.Release|Any CPU.ActiveCfg = Release|Any CPU
		{C697F84D-535A-4189-AD25-C8B0E582D75C}.Release|Any CPU.Build.0 = Release|Any CPU
	EndGlobalSection
	GlobalSection(SolutionProperties) = preSolution
		HideSolutionNode = FALSE
	EndGlobalSection
	GlobalSection(ExtensibilityGlobals) = postSolution
		SolutionGuid = {1F784F3C-27F1-4FCF-8C0F-35E3B47BB803}
	EndGlobalSection
EndGlobal
